
Microsoft Visual Studio Solution File, Format Version 12.00
# Visual Studio Version 17
VisualStudioVersion = 17.3.32825.248
MinimumVisualStudioVersion = 10.0.40219.1
Project("{FAE04EC0-301F-11D3-BF4B-00C04F79EFBC}") = "ConnectToDataBaseSQL", "ConnectToDataBaseSQL\ConnectToDataBaseSQL.csproj", "{647CE098-3243-4E26-B8CE-5FE35DF0EC89}"
EndProject
Global
	GlobalSection(SolutionConfigurationPlatforms) = preSolution
		Debug|Any CPU = Debug|Any CPU
		Release|Any CPU = Release|Any CPU
	EndGlobalSection
	GlobalSection(ProjectConfigurationPlatforms) = postSolution
		{647CE098-3243-4E26-B8CE-5FE35DF0EC89}.Debug|Any CPU.ActiveCfg = Debug|Any CPU
		{647CE098-3243-4E26-B8CE-5FE35DF0EC89}.Debug|Any CPU.Build.0 = Debug|Any CPU
		{647CE098-3243-4E26-B8CE-5FE35DF0EC89}.Release|Any CPU.ActiveCfg = Release|Any CPU
		{647CE098-3243-4E26-B8CE-5FE35DF0EC89}.Release|Any CPU.Build.0 = Release|Any CPU
	EndGlobalSection
	GlobalSection(SolutionProperties) = preSolution
		HideSolutionNode = FALSE
	EndGlobalSection
	GlobalSection(ExtensibilityGlobals) = postSolution
		SolutionGuid = {903DB530-05B9-4ACF-BF48-E394F1AF5D0B}
	EndGlobalSection
EndGlobal
